
Microsoft Visual Studio Solution File, Format Version 12.00
# Visual Studio 14
VisualStudioVersion = 14.0.23107.0
MinimumVisualStudioVersion = 10.0.40219.1
Project("{FAE04EC0-301F-11D3-BF4B-00C04F79EFBC}") = "atmelstudio-cppcheck", "atmelstudio-cppcheck\atmelstudio-cppcheck.csproj", "{B9619006-DCF6-4816-907B-8268E1B102B5}"
EndProject
Project("{FAE04EC0-301F-11D3-BF4B-00C04F79EFBC}") = "atmelstudio-cppcheck.test", "atmelstudio-cppcheck.test\atmelstudio-cppcheck.test.csproj", "{C857001D-C320-4383-95E2-32D244E1198A}"
EndProject
Global
	GlobalSection(SolutionConfigurationPlatforms) = preSolution
		Debug|Any CPU = Debug|Any CPU
		Release|Any CPU = Release|Any CPU
	EndGlobalSection
	GlobalSection(ProjectConfigurationPlatforms) = postSolution
		{B9619006-DCF6-4816-907B-8268E1B102B5}.Debug|Any CPU.ActiveCfg = Debug|Any CPU
		{B9619006-DCF6-4816-907B-8268E1B102B5}.Debug|Any CPU.Build.0 = Debug|Any CPU
		{B9619006-DCF6-4816-907B-8268E1B102B5}.Release|Any CPU.ActiveCfg = Release|Any CPU
		{B9619006-DCF6-4816-907B-8268E1B102B5}.Release|Any CPU.Build.0 = Release|Any CPU
		{C857001D-C320-4383-95E2-32D244E1198A}.Debug|Any CPU.ActiveCfg = Debug|Any CPU
		{C857001D-C320-4383-95E2-32D244E1198A}.Debug|Any CPU.Build.0 = Debug|Any CPU
		{C857001D-C320-4383-95E2-32D244E1198A}.Release|Any CPU.ActiveCfg = Release|Any CPU
		{C857001D-C320-4383-95E2-32D244E1198A}.Release|Any CPU.Build.0 = Release|Any CPU
	EndGlobalSection
	GlobalSection(SolutionProperties) = preSolution
		HideSolutionNode = FALSE
	EndGlobalSection
EndGlobal
